
Microsoft Visual Studio Solution File, Format Version 12.00
# Visual Studio Version 17
VisualStudioVersion = 17.2.32505.173
MinimumVisualStudioVersion = 10.0.40219.1
Project("{FAE04EC0-301F-11D3-BF4B-00C04F79EFBC}") = "Genel Tekrar", "Genel Tekrar\Genel Tekrar.csproj", "{87746265-B1BC-4FE7-B61E-658DFFAD0485}"
EndProject
Global
	GlobalSection(SolutionConfigurationPlatforms) = preSolution
		Debug|Any CPU = Debug|Any CPU
		Release|Any CPU = Release|Any CPU
	EndGlobalSection
	GlobalSection(ProjectConfigurationPlatforms) = postSolution
		{87746265-B1BC-4FE7-B61E-658DFFAD0485}.Debug|Any CPU.ActiveCfg = Debug|Any CPU
		{87746265-B1BC-4FE7-B61E-658DFFAD0485}.Debug|Any CPU.Build.0 = Debug|Any CPU
		{87746265-B1BC-4FE7-B61E-658DFFAD0485}.Release|Any CPU.ActiveCfg = Release|Any CPU
		{87746265-B1BC-4FE7-B61E-658DFFAD0485}.Release|Any CPU.Build.0 = Release|Any CPU
	EndGlobalSection
	GlobalSection(SolutionProperties) = preSolution
		HideSolutionNode = FALSE
	EndGlobalSection
	GlobalSection(ExtensibilityGlobals) = postSolution
		SolutionGuid = {3FA7B606-3841-4DCD-8538-FC4258D5E09D}
	EndGlobalSection
EndGlobal
